
Microsoft Visual Studio Solution File, Format Version 12.00
# Visual Studio Version 18
VisualStudioVersion = 18.1.11304.174 d18.0
MinimumVisualStudioVersion = 10.0.40219.1
Project("{2150E333-8FDC-42A3-9474-1A3956D46DE8}") = "src", "src", "{471817DF-FB7F-4857-90D6-648F30DFC54D}"
EndProject
Project("{2150E333-8FDC-42A3-9474-1A3956D46DE8}") = "tests", "tests", "{8293F0FE-11C3-4E37-B885-3F62AE43578E}"
EndProject
Project("{2150E333-8FDC-42A3-9474-1A3956D46DE8}") = "docker", "docker", "{B6EBED83-F119-43E5-9DC6-3DE89E74B878}"
EndProject
Project("{2150E333-8FDC-42A3-9474-1A3956D46DE8}") = "ATMS.Admin", "ATMS.Admin", "{3A890F8C-4C41-4C1A-B662-386E05CB5080}"
EndProject
Project("{2150E333-8FDC-42A3-9474-1A3956D46DE8}") = "ATMS.Shared", "ATMS.Shared", "{B2419456-E7DF-4F6E-80D8-BCEFAF5F2797}"
EndProject
Project("{FAE04EC0-301F-11D3-BF4B-00C04F79EFBC}") = "ATMS.Admin.API", "src\ATMS.Admin\ATMS.Admin.API\ATMS.Admin.API.csproj", "{2AD5D183-49A9-40ED-8F18-2BDCBA3CBF5D}"
EndProject
Project("{FAE04EC0-301F-11D3-BF4B-00C04F79EFBC}") = "ATMS.Admin.Data", "src\ATMS.Admin\ATMS.Admin.Data\ATMS.Admin.Data.csproj", "{9F422A9D-E118-4DBD-A41A-B09225E39D68}"
EndProject
Project("{FAE04EC0-301F-11D3-BF4B-00C04F79EFBC}") = "ATMS.Admin.Service", "src\ATMS.Admin\ATMS.Admin.Service\ATMS.Admin.Service.csproj", "{F540F1B6-2419-429F-AC95-9F6099CAD7F0}"
EndProject
Project("{FAE04EC0-301F-11D3-BF4B-00C04F79EFBC}") = "ATMS.Admin.Contracts", "src\ATMS.Admin\ATMS.Admin.Contracts\ATMS.Admin.Contracts.csproj", "{0F52B401-FA3D-4182-AFA6-A979ED37A296}"
EndProject
Project("{FAE04EC0-301F-11D3-BF4B-00C04F79EFBC}") = "ATMS.Aspire.AppHost", "docker\ATMS.Aspire.AppHost\ATMS.Aspire.AppHost.csproj", "{89DE948A-E9DA-4972-98A4-1E9F881C2EFE}"
EndProject
Global
	GlobalSection(SolutionConfigurationPlatforms) = preSolution
		Debug|Any CPU = Debug|Any CPU
		Release|Any CPU = Release|Any CPU
	EndGlobalSection
	GlobalSection(ProjectConfigurationPlatforms) = postSolution
		{2AD5D183-49A9-40ED-8F18-2BDCBA3CBF5D}.Debug|Any CPU.ActiveCfg = Debug|Any CPU
		{2AD5D183-49A9-40ED-8F18-2BDCBA3CBF5D}.Debug|Any CPU.Build.0 = Debug|Any CPU
		{2AD5D183-49A9-40ED-8F18-2BDCBA3CBF5D}.Release|Any CPU.ActiveCfg = Release|Any CPU
		{2AD5D183-49A9-40ED-8F18-2BDCBA3CBF5D}.Release|Any CPU.Build.0 = Release|Any CPU
		{9F422A9D-E118-4DBD-A41A-B09225E39D68}.Debug|Any CPU.ActiveCfg = Debug|Any CPU
		{9F422A9D-E118-4DBD-A41A-B09225E39D68}.Debug|Any CPU.Build.0 = Debug|Any CPU
		{9F422A9D-E118-4DBD-A41A-B09225E39D68}.Release|Any CPU.ActiveCfg = Release|Any CPU
		{9F422A9D-E118-4DBD-A41A-B09225E39D68}.Release|Any CPU.Build.0 = Release|Any CPU
		{F540F1B6-2419-429F-AC95-9F6099CAD7F0}.Debug|Any CPU.ActiveCfg = Debug|Any CPU
		{F540F1B6-2419-429F-AC95-9F6099CAD7F0}.Debug|Any CPU.Build.0 = Debug|Any CPU
		{F540F1B6-2419-429F-AC95-9F6099CAD7F0}.Release|Any CPU.ActiveCfg = Release|Any CPU
		{F540F1B6-2419-429F-AC95-9F6099CAD7F0}.Release|Any CPU.Build.0 = Release|Any CPU
		{0F52B401-FA3D-4182-AFA6-A979ED37A296}.Debug|Any CPU.ActiveCfg = Debug|Any CPU
		{0F52B401-FA3D-4182-AFA6-A979ED37A296}.Debug|Any CPU.Build.0 = Debug|Any CPU
		{0F52B401-FA3D-4182-AFA6-A979ED37A296}.Release|Any CPU.ActiveCfg = Release|Any CPU
		{0F52B401-FA3D-4182-AFA6-A979ED37A296}.Release|Any CPU.Build.0 = Release|Any CPU
		{89DE948A-E9DA-4972-98A4-1E9F881C2EFE}.Debug|Any CPU.ActiveCfg = Debug|Any CPU
		{89DE948A-E9DA-4972-98A4-1E9F881C2EFE}.Debug|Any CPU.Build.0 = Debug|Any CPU
		{89DE948A-E9DA-4972-98A4-1E9F881C2EFE}.Release|Any CPU.ActiveCfg = Release|Any CPU
		{89DE948A-E9DA-4972-98A4-1E9F881C2EFE}.Release|Any CPU.Build.0 = Release|Any CPU
	EndGlobalSection
	GlobalSection(SolutionProperties) = preSolution
		HideSolutionNode = FALSE
	EndGlobalSection
	GlobalSection(NestedProjects) = preSolution
		{3A890F8C-4C41-4C1A-B662-386E05CB5080} = {471817DF-FB7F-4857-90D6-648F30DFC54D}
		{B2419456-E7DF-4F6E-80D8-BCEFAF5F2797} = {471817DF-FB7F-4857-90D6-648F30DFC54D}
		{2AD5D183-49A9-40ED-8F18-2BDCBA3CBF5D} = {3A890F8C-4C41-4C1A-B662-386E05CB5080}
		{9F422A9D-E118-4DBD-A41A-B09225E39D68} = {3A890F8C-4C41-4C1A-B662-386E05CB5080}
		{F540F1B6-2419-429F-AC95-9F6099CAD7F0} = {3A890F8C-4C41-4C1A-B662-386E05CB5080}
		{0F52B401-FA3D-4182-AFA6-A979ED37A296} = {3A890F8C-4C41-4C1A-B662-386E05CB5080}
		{89DE948A-E9DA-4972-98A4-1E9F881C2EFE} = {B6EBED83-F119-43E5-9DC6-3DE89E74B878}
	EndGlobalSection
	GlobalSection(ExtensibilityGlobals) = postSolution
		SolutionGuid = {C36CE369-8FD2-4650-8265-C4AAF939730C}
	EndGlobalSection
EndGlobal
