
Microsoft Visual Studio Solution File, Format Version 12.00
# Visual Studio Version 18
VisualStudioVersion = 18.1.11304.174
MinimumVisualStudioVersion = 10.0.40219.1
Project("{2150E333-8FDC-42A3-9474-1A3956D46DE8}") = "src", "src", "{471817DF-FB7F-4857-90D6-648F30DFC54D}"
EndProject
Project("{2150E333-8FDC-42A3-9474-1A3956D46DE8}") = "tests", "tests", "{8293F0FE-11C3-4E37-B885-3F62AE43578E}"
EndProject
Project("{2150E333-8FDC-42A3-9474-1A3956D46DE8}") = "docker", "docker", "{B6EBED83-F119-43E5-9DC6-3DE89E74B878}"
	ProjectSection(SolutionItems) = preProject
		docker-compose.yml = docker-compose.yml
	EndProjectSection
EndProject
Project("{2150E333-8FDC-42A3-9474-1A3956D46DE8}") = "ATMS.Admin", "ATMS.Admin", "{3A890F8C-4C41-4C1A-B662-386E05CB5080}"
	ProjectSection(SolutionItems) = preProject
		src\ATMS.Admin\README.md = src\ATMS.Admin\README.md
	EndProjectSection
EndProject
Project("{2150E333-8FDC-42A3-9474-1A3956D46DE8}") = "ATMS.Shared", "ATMS.Shared", "{B2419456-E7DF-4F6E-80D8-BCEFAF5F2797}"
EndProject
Project("{FAE04EC0-301F-11D3-BF4B-00C04F79EFBC}") = "ATMS.Admin.API", "src\ATMS.Admin\ATMS.Admin.API\ATMS.Admin.API.csproj", "{2AD5D183-49A9-40ED-8F18-2BDCBA3CBF5D}"
EndProject
Project("{FAE04EC0-301F-11D3-BF4B-00C04F79EFBC}") = "ATMS.Admin.Data", "src\ATMS.Admin\ATMS.Admin.Data\ATMS.Admin.Data.csproj", "{9F422A9D-E118-4DBD-A41A-B09225E39D68}"
EndProject
Project("{FAE04EC0-301F-11D3-BF4B-00C04F79EFBC}") = "ATMS.Admin.Service", "src\ATMS.Admin\ATMS.Admin.Service\ATMS.Admin.Service.csproj", "{F540F1B6-2419-429F-AC95-9F6099CAD7F0}"
EndProject
Project("{FAE04EC0-301F-11D3-BF4B-00C04F79EFBC}") = "ATMS.Admin.Contracts", "src\ATMS.Admin\ATMS.Admin.Contracts\ATMS.Admin.Contracts.csproj", "{0F52B401-FA3D-4182-AFA6-A979ED37A296}"
EndProject
Project("{FAE04EC0-301F-11D3-BF4B-00C04F79EFBC}") = "ATMS.Aspire.AppHost", "docker\ATMS.Aspire.AppHost\ATMS.Aspire.AppHost.csproj", "{2CF89DB5-F21E-4C83-B756-BD4715D6A9DA}"
EndProject
Project("{FAE04EC0-301F-11D3-BF4B-00C04F79EFBC}") = "ATMS.Aspire.ServiceDefaults", "docker\ATMS.Aspire.ServiceDefaults\ATMS.Aspire.ServiceDefaults.csproj", "{DA455C20-87F3-DD87-A70E-19A83F956731}"
EndProject
Project("{FAE04EC0-301F-11D3-BF4B-00C04F79EFBC}") = "ATMS.Data", "src\ATMS.Shared\ATMS.Data\ATMS.Data.csproj", "{2405E1E5-1974-4A3A-BB18-C1EDCF4C52A4}"
EndProject
Project("{FAE04EC0-301F-11D3-BF4B-00C04F79EFBC}") = "ATMS.Infrastructure", "src\ATMS.Shared\ATMS.Infrastructure\ATMS.Infrastructure.csproj", "{88BC796D-570C-A8C4-75E0-4B07156363D8}"
EndProject
Project("{FAE04EC0-301F-11D3-BF4B-00C04F79EFBC}") = "ATMS.Application.Exceptions", "src\ATMS.Shared\ATMS.Application.Exceptions\ATMS.Application.Exceptions.csproj", "{58FC49BC-1F7D-4147-B45E-0C49AFF6E2D1}"
EndProject
Project("{FAE04EC0-301F-11D3-BF4B-00C04F79EFBC}") = "ATMS.Application", "src\ATMS.Shared\ATMS.Application\ATMS.Application.csproj", "{BF4EF163-552D-42CB-B2E0-3400AD1621BD}"
EndProject
Project("{FAE04EC0-301F-11D3-BF4B-00C04F79EFBC}") = "ATMS.Email", "src\ATMS.Shared\ATMS.Email\ATMS.Email.csproj", "{2C51FC13-2662-46B8-A70C-645478EEDB04}"
EndProject
Project("{FAE04EC0-301F-11D3-BF4B-00C04F79EFBC}") = "Admin.API.Tests", "tests\Admin.API.Tests\Admin.API.Tests.csproj", "{1EA8AD7C-591D-44BA-8B5B-5D52B5D396A7}"
EndProject
Project("{FAE04EC0-301F-11D3-BF4B-00C04F79EFBC}") = "Admin.Services.Tests", "tests\Admin.Services.Tests\Admin.Services.Tests.csproj", "{54EE6246-AB06-4245-984D-9BF1D107C4D6}"
EndProject
Project("{FAE04EC0-301F-11D3-BF4B-00C04F79EFBC}") = "ATMS.Application.Dispatcher", "src\ATMS.Shared\ATMS.Application.Dispatcher\ATMS.Application.Dispatcher.csproj", "{100D05DB-AECD-41D9-9908-2408B0305478}"
EndProject
Project("{2150E333-8FDC-42A3-9474-1A3956D46DE8}") = "ATMS.Project", "ATMS.Project", "{2F421218-457F-4CFB-951A-1489D7CA7B7A}"
EndProject
Project("{FAE04EC0-301F-11D3-BF4B-00C04F79EFBC}") = "ATMS.Project.Data", "src\ATMS.Project\ATMS.Project.Data\ATMS.Project.Data.csproj", "{594546FA-0A89-471F-AEA5-7C1BED43EDED}"
EndProject
Project("{FAE04EC0-301F-11D3-BF4B-00C04F79EFBC}") = "ATMS.Project.Services", "src\ATMS.Project\ATMS.Project.Services\ATMS.Project.Services.csproj", "{AD53415C-DC1E-4B49-8CDA-860786A742D0}"
EndProject
Project("{FAE04EC0-301F-11D3-BF4B-00C04F79EFBC}") = "ATMS.Project.Contracts", "src\ATMS.Project\ATMS.Project.Contracts\ATMS.Project.Contracts.csproj", "{7287EA53-C2D2-43E3-83EB-8AA68CF78A77}"
EndProject
Project("{FAE04EC0-301F-11D3-BF4B-00C04F79EFBC}") = "ATMS.Project.API", "src\ATMS.Project\ATMS.Project.API\ATMS.Project.API.csproj", "{09A45B35-5DF4-4598-AB31-DC7361B9C04D}"
EndProject
Project("{FAE04EC0-301F-11D3-BF4B-00C04F79EFBC}") = "ATMS.Swagger", "src\ATMS.Shared\ATMS.Swagger\ATMS.Swagger.csproj", "{981D406C-DB62-4728-BA16-53265B726AED}"
EndProject
Global
	GlobalSection(SolutionConfigurationPlatforms) = preSolution
		Debug|Any CPU = Debug|Any CPU
		Release|Any CPU = Release|Any CPU
	EndGlobalSection
	GlobalSection(ProjectConfigurationPlatforms) = postSolution
		{2AD5D183-49A9-40ED-8F18-2BDCBA3CBF5D}.Debug|Any CPU.ActiveCfg = Debug|Any CPU
		{2AD5D183-49A9-40ED-8F18-2BDCBA3CBF5D}.Debug|Any CPU.Build.0 = Debug|Any CPU
		{2AD5D183-49A9-40ED-8F18-2BDCBA3CBF5D}.Release|Any CPU.ActiveCfg = Release|Any CPU
		{2AD5D183-49A9-40ED-8F18-2BDCBA3CBF5D}.Release|Any CPU.Build.0 = Release|Any CPU
		{9F422A9D-E118-4DBD-A41A-B09225E39D68}.Debug|Any CPU.ActiveCfg = Debug|Any CPU
		{9F422A9D-E118-4DBD-A41A-B09225E39D68}.Debug|Any CPU.Build.0 = Debug|Any CPU
		{9F422A9D-E118-4DBD-A41A-B09225E39D68}.Release|Any CPU.ActiveCfg = Release|Any CPU
		{9F422A9D-E118-4DBD-A41A-B09225E39D68}.Release|Any CPU.Build.0 = Release|Any CPU
		{F540F1B6-2419-429F-AC95-9F6099CAD7F0}.Debug|Any CPU.ActiveCfg = Debug|Any CPU
		{F540F1B6-2419-429F-AC95-9F6099CAD7F0}.Debug|Any CPU.Build.0 = Debug|Any CPU
		{F540F1B6-2419-429F-AC95-9F6099CAD7F0}.Release|Any CPU.ActiveCfg = Release|Any CPU
		{F540F1B6-2419-429F-AC95-9F6099CAD7F0}.Release|Any CPU.Build.0 = Release|Any CPU
		{0F52B401-FA3D-4182-AFA6-A979ED37A296}.Debug|Any CPU.ActiveCfg = Debug|Any CPU
		{0F52B401-FA3D-4182-AFA6-A979ED37A296}.Debug|Any CPU.Build.0 = Debug|Any CPU
		{0F52B401-FA3D-4182-AFA6-A979ED37A296}.Release|Any CPU.ActiveCfg = Release|Any CPU
		{0F52B401-FA3D-4182-AFA6-A979ED37A296}.Release|Any CPU.Build.0 = Release|Any CPU
		{2CF89DB5-F21E-4C83-B756-BD4715D6A9DA}.Debug|Any CPU.ActiveCfg = Debug|Any CPU
		{2CF89DB5-F21E-4C83-B756-BD4715D6A9DA}.Debug|Any CPU.Build.0 = Debug|Any CPU
		{2CF89DB5-F21E-4C83-B756-BD4715D6A9DA}.Release|Any CPU.ActiveCfg = Release|Any CPU
		{2CF89DB5-F21E-4C83-B756-BD4715D6A9DA}.Release|Any CPU.Build.0 = Release|Any CPU
		{DA455C20-87F3-DD87-A70E-19A83F956731}.Debug|Any CPU.ActiveCfg = Debug|Any CPU
		{DA455C20-87F3-DD87-A70E-19A83F956731}.Debug|Any CPU.Build.0 = Debug|Any CPU
		{DA455C20-87F3-DD87-A70E-19A83F956731}.Release|Any CPU.ActiveCfg = Release|Any CPU
		{DA455C20-87F3-DD87-A70E-19A83F956731}.Release|Any CPU.Build.0 = Release|Any CPU
		{2405E1E5-1974-4A3A-BB18-C1EDCF4C52A4}.Debug|Any CPU.ActiveCfg = Debug|Any CPU
		{2405E1E5-1974-4A3A-BB18-C1EDCF4C52A4}.Debug|Any CPU.Build.0 = Debug|Any CPU
		{2405E1E5-1974-4A3A-BB18-C1EDCF4C52A4}.Release|Any CPU.ActiveCfg = Release|Any CPU
		{2405E1E5-1974-4A3A-BB18-C1EDCF4C52A4}.Release|Any CPU.Build.0 = Release|Any CPU
		{88BC796D-570C-A8C4-75E0-4B07156363D8}.Debug|Any CPU.ActiveCfg = Debug|Any CPU
		{88BC796D-570C-A8C4-75E0-4B07156363D8}.Debug|Any CPU.Build.0 = Debug|Any CPU
		{88BC796D-570C-A8C4-75E0-4B07156363D8}.Release|Any CPU.ActiveCfg = Release|Any CPU
		{88BC796D-570C-A8C4-75E0-4B07156363D8}.Release|Any CPU.Build.0 = Release|Any CPU
		{58FC49BC-1F7D-4147-B45E-0C49AFF6E2D1}.Debug|Any CPU.ActiveCfg = Debug|Any CPU
		{58FC49BC-1F7D-4147-B45E-0C49AFF6E2D1}.Debug|Any CPU.Build.0 = Debug|Any CPU
		{58FC49BC-1F7D-4147-B45E-0C49AFF6E2D1}.Release|Any CPU.ActiveCfg = Release|Any CPU
		{58FC49BC-1F7D-4147-B45E-0C49AFF6E2D1}.Release|Any CPU.Build.0 = Release|Any CPU
		{BF4EF163-552D-42CB-B2E0-3400AD1621BD}.Debug|Any CPU.ActiveCfg = Debug|Any CPU
		{BF4EF163-552D-42CB-B2E0-3400AD1621BD}.Debug|Any CPU.Build.0 = Debug|Any CPU
		{BF4EF163-552D-42CB-B2E0-3400AD1621BD}.Release|Any CPU.ActiveCfg = Release|Any CPU
		{BF4EF163-552D-42CB-B2E0-3400AD1621BD}.Release|Any CPU.Build.0 = Release|Any CPU
		{2C51FC13-2662-46B8-A70C-645478EEDB04}.Debug|Any CPU.ActiveCfg = Debug|Any CPU
		{2C51FC13-2662-46B8-A70C-645478EEDB04}.Debug|Any CPU.Build.0 = Debug|Any CPU
		{2C51FC13-2662-46B8-A70C-645478EEDB04}.Release|Any CPU.ActiveCfg = Release|Any CPU
		{2C51FC13-2662-46B8-A70C-645478EEDB04}.Release|Any CPU.Build.0 = Release|Any CPU
		{1EA8AD7C-591D-44BA-8B5B-5D52B5D396A7}.Debug|Any CPU.ActiveCfg = Debug|Any CPU
		{1EA8AD7C-591D-44BA-8B5B-5D52B5D396A7}.Debug|Any CPU.Build.0 = Debug|Any CPU
		{1EA8AD7C-591D-44BA-8B5B-5D52B5D396A7}.Release|Any CPU.ActiveCfg = Release|Any CPU
		{1EA8AD7C-591D-44BA-8B5B-5D52B5D396A7}.Release|Any CPU.Build.0 = Release|Any CPU
		{54EE6246-AB06-4245-984D-9BF1D107C4D6}.Debug|Any CPU.ActiveCfg = Debug|Any CPU
		{54EE6246-AB06-4245-984D-9BF1D107C4D6}.Debug|Any CPU.Build.0 = Debug|Any CPU
		{54EE6246-AB06-4245-984D-9BF1D107C4D6}.Release|Any CPU.ActiveCfg = Release|Any CPU
		{54EE6246-AB06-4245-984D-9BF1D107C4D6}.Release|Any CPU.Build.0 = Release|Any CPU
		{100D05DB-AECD-41D9-9908-2408B0305478}.Debug|Any CPU.ActiveCfg = Debug|Any CPU
		{100D05DB-AECD-41D9-9908-2408B0305478}.Debug|Any CPU.Build.0 = Debug|Any CPU
		{100D05DB-AECD-41D9-9908-2408B0305478}.Release|Any CPU.ActiveCfg = Release|Any CPU
		{100D05DB-AECD-41D9-9908-2408B0305478}.Release|Any CPU.Build.0 = Release|Any CPU
		{594546FA-0A89-471F-AEA5-7C1BED43EDED}.Debug|Any CPU.ActiveCfg = Debug|Any CPU
		{594546FA-0A89-471F-AEA5-7C1BED43EDED}.Debug|Any CPU.Build.0 = Debug|Any CPU
		{594546FA-0A89-471F-AEA5-7C1BED43EDED}.Release|Any CPU.ActiveCfg = Release|Any CPU
		{594546FA-0A89-471F-AEA5-7C1BED43EDED}.Release|Any CPU.Build.0 = Release|Any CPU
		{AD53415C-DC1E-4B49-8CDA-860786A742D0}.Debug|Any CPU.ActiveCfg = Debug|Any CPU
		{AD53415C-DC1E-4B49-8CDA-860786A742D0}.Debug|Any CPU.Build.0 = Debug|Any CPU
		{AD53415C-DC1E-4B49-8CDA-860786A742D0}.Release|Any CPU.ActiveCfg = Release|Any CPU
		{AD53415C-DC1E-4B49-8CDA-860786A742D0}.Release|Any CPU.Build.0 = Release|Any CPU
		{7287EA53-C2D2-43E3-83EB-8AA68CF78A77}.Debug|Any CPU.ActiveCfg = Debug|Any CPU
		{7287EA53-C2D2-43E3-83EB-8AA68CF78A77}.Debug|Any CPU.Build.0 = Debug|Any CPU
		{7287EA53-C2D2-43E3-83EB-8AA68CF78A77}.Release|Any CPU.ActiveCfg = Release|Any CPU
		{7287EA53-C2D2-43E3-83EB-8AA68CF78A77}.Release|Any CPU.Build.0 = Release|Any CPU
		{09A45B35-5DF4-4598-AB31-DC7361B9C04D}.Debug|Any CPU.ActiveCfg = Debug|Any CPU
		{09A45B35-5DF4-4598-AB31-DC7361B9C04D}.Debug|Any CPU.Build.0 = Debug|Any CPU
		{09A45B35-5DF4-4598-AB31-DC7361B9C04D}.Release|Any CPU.ActiveCfg = Release|Any CPU
		{09A45B35-5DF4-4598-AB31-DC7361B9C04D}.Release|Any CPU.Build.0 = Release|Any CPU
		{981D406C-DB62-4728-BA16-53265B726AED}.Debug|Any CPU.ActiveCfg = Debug|Any CPU
		{981D406C-DB62-4728-BA16-53265B726AED}.Debug|Any CPU.Build.0 = Debug|Any CPU
		{981D406C-DB62-4728-BA16-53265B726AED}.Release|Any CPU.ActiveCfg = Release|Any CPU
		{981D406C-DB62-4728-BA16-53265B726AED}.Release|Any CPU.Build.0 = Release|Any CPU
	EndGlobalSection
	GlobalSection(SolutionProperties) = preSolution
		HideSolutionNode = FALSE
	EndGlobalSection
	GlobalSection(NestedProjects) = preSolution
		{3A890F8C-4C41-4C1A-B662-386E05CB5080} = {471817DF-FB7F-4857-90D6-648F30DFC54D}
		{B2419456-E7DF-4F6E-80D8-BCEFAF5F2797} = {471817DF-FB7F-4857-90D6-648F30DFC54D}
		{2AD5D183-49A9-40ED-8F18-2BDCBA3CBF5D} = {3A890F8C-4C41-4C1A-B662-386E05CB5080}
		{9F422A9D-E118-4DBD-A41A-B09225E39D68} = {3A890F8C-4C41-4C1A-B662-386E05CB5080}
		{F540F1B6-2419-429F-AC95-9F6099CAD7F0} = {3A890F8C-4C41-4C1A-B662-386E05CB5080}
		{0F52B401-FA3D-4182-AFA6-A979ED37A296} = {3A890F8C-4C41-4C1A-B662-386E05CB5080}
		{2CF89DB5-F21E-4C83-B756-BD4715D6A9DA} = {B6EBED83-F119-43E5-9DC6-3DE89E74B878}
		{DA455C20-87F3-DD87-A70E-19A83F956731} = {B6EBED83-F119-43E5-9DC6-3DE89E74B878}
		{2405E1E5-1974-4A3A-BB18-C1EDCF4C52A4} = {B2419456-E7DF-4F6E-80D8-BCEFAF5F2797}
		{88BC796D-570C-A8C4-75E0-4B07156363D8} = {B2419456-E7DF-4F6E-80D8-BCEFAF5F2797}
		{58FC49BC-1F7D-4147-B45E-0C49AFF6E2D1} = {B2419456-E7DF-4F6E-80D8-BCEFAF5F2797}
		{BF4EF163-552D-42CB-B2E0-3400AD1621BD} = {B2419456-E7DF-4F6E-80D8-BCEFAF5F2797}
		{2C51FC13-2662-46B8-A70C-645478EEDB04} = {B2419456-E7DF-4F6E-80D8-BCEFAF5F2797}
		{1EA8AD7C-591D-44BA-8B5B-5D52B5D396A7} = {8293F0FE-11C3-4E37-B885-3F62AE43578E}
		{54EE6246-AB06-4245-984D-9BF1D107C4D6} = {8293F0FE-11C3-4E37-B885-3F62AE43578E}
		{100D05DB-AECD-41D9-9908-2408B0305478} = {B2419456-E7DF-4F6E-80D8-BCEFAF5F2797}
		{2F421218-457F-4CFB-951A-1489D7CA7B7A} = {471817DF-FB7F-4857-90D6-648F30DFC54D}
		{594546FA-0A89-471F-AEA5-7C1BED43EDED} = {2F421218-457F-4CFB-951A-1489D7CA7B7A}
		{AD53415C-DC1E-4B49-8CDA-860786A742D0} = {2F421218-457F-4CFB-951A-1489D7CA7B7A}
		{7287EA53-C2D2-43E3-83EB-8AA68CF78A77} = {2F421218-457F-4CFB-951A-1489D7CA7B7A}
		{09A45B35-5DF4-4598-AB31-DC7361B9C04D} = {2F421218-457F-4CFB-951A-1489D7CA7B7A}
		{981D406C-DB62-4728-BA16-53265B726AED} = {B2419456-E7DF-4F6E-80D8-BCEFAF5F2797}
	EndGlobalSection
	GlobalSection(ExtensibilityGlobals) = postSolution
		SolutionGuid = {C36CE369-8FD2-4650-8265-C4AAF939730C}
	EndGlobalSection
EndGlobal
